Microsoft Visual Studio Solution File, Format Version 11.00
# Visual Studio 2010
Project("{8BC9CEB8-8B4A-11D0-8D11-00A0C91BC942}") = "CEGUIBase", "BaseSystem\CEGUIBase.vcxproj", "{78B6013C-4615-5F44-B313-E69CBAFD3712}"
EndProject
Project("{8BC9CEB8-8B4A-11D0-8D11-00A0C91BC942}") = "CEGUIOgreRenderer", "RendererModules\Ogre\CEGUIOgreRenderer.vcxproj", "{2F974D85-9BCD-304A-B745-7850293300D9}"
EndProject
Project("{8BC9CEB8-8B4A-11D0-8D11-00A0C91BC942}") = "CEGUIExpatParser", "XMLParserModules\expatParser\CEGUIExpatParser.vcxproj", "{D94B62A1-5A43-1C48-9BFE-E64011945692}"
EndProject
Project("{8BC9CEB8-8B4A-11D0-8D11-00A0C91BC942}") = "CEGUIFalagardWRBase", "WindowRendererSets\Falagard\CEGUIFalagardWRBase.vcxproj", "{2D954866-1683-8F40-A860-48661541D06B}"
EndProject
Project("{8BC9CEB8-8B4A-11D0-8D11-00A0C91BC942}") = "CEGUISILLYImageCodec", "ImageCodecModules\SILLYImageCodec\CEGUISILLYImageCodec.vcxproj", "{F295033E-26A4-8A4B-B39F-349CEA19FE3F}"
EndProject
Global
	GlobalSection(SolutionConfigurationPlatforms) = preSolution
		Debug|Win32 = Debug|Win32
		Release|Win32 = Release|Win32
	EndGlobalSection
	GlobalSection(ProjectConfigurationPlatforms) = postSolution
		{78B6013C-4615-5F44-B313-E69CBAFD3712}.Debug|Win32.ActiveCfg = Debug|Win32
		{78B6013C-4615-5F44-B313-E69CBAFD3712}.Debug|Win32.Build.0 = Debug|Win32
		{78B6013C-4615-5F44-B313-E69CBAFD3712}.Release|Win32.ActiveCfg = Release|Win32
		{78B6013C-4615-5F44-B313-E69CBAFD3712}.Release|Win32.Build.0 = Release|Win32
		{2F974D85-9BCD-304A-B745-7850293300D9}.Debug|Win32.ActiveCfg = Debug|Win32
		{2F974D85-9BCD-304A-B745-7850293300D9}.Debug|Win32.Build.0 = Debug|Win32
		{2F974D85-9BCD-304A-B745-7850293300D9}.Release|Win32.ActiveCfg = Release|Win32
		{2F974D85-9BCD-304A-B745-7850293300D9}.Release|Win32.Build.0 = Release|Win32
		{D94B62A1-5A43-1C48-9BFE-E64011945692}.Debug|Win32.ActiveCfg = Debug|Win32
		{D94B62A1-5A43-1C48-9BFE-E64011945692}.Debug|Win32.Build.0 = Debug|Win32
		{D94B62A1-5A43-1C48-9BFE-E64011945692}.Release|Win32.ActiveCfg = Release|Win32
		{D94B62A1-5A43-1C48-9BFE-E64011945692}.Release|Win32.Build.0 = Release|Win32
		{2D954866-1683-8F40-A860-48661541D06B}.Debug|Win32.ActiveCfg = Debug|Win32
		{2D954866-1683-8F40-A860-48661541D06B}.Debug|Win32.Build.0 = Debug|Win32
		{2D954866-1683-8F40-A860-48661541D06B}.Release|Win32.ActiveCfg = Release|Win32
		{2D954866-1683-8F40-A860-48661541D06B}.Release|Win32.Build.0 = Release|Win32
		{F295033E-26A4-8A4B-B39F-349CEA19FE3F}.Debug|Win32.ActiveCfg = Debug|Win32
		{F295033E-26A4-8A4B-B39F-349CEA19FE3F}.Debug|Win32.Build.0 = Debug|Win32
		{F295033E-26A4-8A4B-B39F-349CEA19FE3F}.Release|Win32.ActiveCfg = Release|Win32
		{F295033E-26A4-8A4B-B39F-349CEA19FE3F}.Release|Win32.Build.0 = Release|Win32
	EndGlobalSection
	GlobalSection(SolutionProperties) = preSolution
		HideSolutionNode = FALSE
	EndGlobalSection
EndGlobal
