<?xml version="1.0" encoding="utf-8"?>
<Project ToolsVersion="4.0" xmlns="http://schemas.microsoft.com/developer/msbuild/2003">
  <ItemGroup>
    <Filter Include="cegui">
      <UniqueIdentifier>{171f85b2-fdc7-44d9-8c17-8130fa1f1bcf}</UniqueIdentifier>
    </Filter>
    <Filter Include="cegui\src">
      <UniqueIdentifier>{b3e91a7d-35b7-45cb-ba36-dc14e2fb40ea}</UniqueIdentifier>
    </Filter>
    <Filter Include="cegui\src\ImageCodecModules">
      <UniqueIdentifier>{c559d7f1-b2f8-4b6e-84c4-0aa3d5e69ef3}</UniqueIdentifier>
    </Filter>
    <Filter Include="cegui\src\ImageCodecModules\SILLYImageCodec">
      <UniqueIdentifier>{1167d371-c272-4494-8058-6e483a78a348}</UniqueIdentifier>
    </Filter>
    <Filter Include="cegui\include">
      <UniqueIdentifier>{7b7e16d3-e55f-4933-9d16-8cbdde7ba088}</UniqueIdentifier>
    </Filter>
    <Filter Include="cegui\include\ImageCodecModules">
      <UniqueIdentifier>{6921aef9-0c37-4fe6-8dcc-cb24e810fb15}</UniqueIdentifier>
    </Filter>
    <Filter Include="cegui\include\ImageCodecModules\SILLYImageCodec">
      <UniqueIdentifier>{68974d53-4a01-4bc3-8ac4-668d18d3179a}</UniqueIdentifier>
    </Filter>
  </ItemGroup>
  <ItemGroup>
    <ClCompile Include="..\..\..\..\cegui\src\ImageCodecModules\SILLYImageCodec\CEGUISILLYImageCodec.cpp">
      <Filter>cegui\src\ImageCodecModules\SILLYImageCodec</Filter>
    </ClCompile>
    <ClCompile Include="..\..\..\..\cegui\src\ImageCodecModules\SILLYImageCodec\CEGUISILLYImageCodecModule.cpp">
      <Filter>cegui\src\ImageCodecModules\SILLYImageCodec</Filter>
    </ClCompile>
  </ItemGroup>
  <ItemGroup>
    <ClInclude Include="..\..\..\..\cegui\include\ImageCodecModules\SILLYImageCodec\CEGUISILLYImageCodec.h">
      <Filter>cegui\include\ImageCodecModules\SILLYImageCodec</Filter>
    </ClInclude>
    <ClInclude Include="..\..\..\..\cegui\include\ImageCodecModules\SILLYImageCodec\CEGUISILLYImageCodecModule.h">
      <Filter>cegui\include\ImageCodecModules\SILLYImageCodec</Filter>
    </ClInclude>
  </ItemGroup>
</Project>