<?xml version="1.0" encoding="utf-8"?>
<Project ToolsVersion="4.0" xmlns="http://schemas.microsoft.com/developer/msbuild/2003">
  <ItemGroup>
    <Filter Include="cegui">
      <UniqueIdentifier>{4cb46e0b-78ea-4b04-ac39-7e6b6fd55c5d}</UniqueIdentifier>
    </Filter>
    <Filter Include="cegui\src">
      <UniqueIdentifier>{bcbb8444-dc65-46a0-9da7-5d4a762dc350}</UniqueIdentifier>
    </Filter>
    <Filter Include="cegui\src\ScriptingModules">
      <UniqueIdentifier>{365d7056-db30-4e25-8c60-7045df64c882}</UniqueIdentifier>
    </Filter>
    <Filter Include="cegui\src\ScriptingModules\LuaScriptModule">
      <UniqueIdentifier>{bf2a7c04-db5b-4298-a00f-47cf4de7a6ca}</UniqueIdentifier>
    </Filter>
    <Filter Include="cegui\include">
      <UniqueIdentifier>{bcedda3e-7d01-44ae-af6a-b86c1f05543c}</UniqueIdentifier>
    </Filter>
    <Filter Include="cegui\include\ScriptingModules">
      <UniqueIdentifier>{c88b7543-6eb0-48f7-9c08-f6b63e2cd43c}</UniqueIdentifier>
    </Filter>
    <Filter Include="cegui\include\ScriptingModules\LuaScriptModule">
      <UniqueIdentifier>{7b5353b1-b498-4268-9b48-3f5ac5fce3e3}</UniqueIdentifier>
    </Filter>
  </ItemGroup>
  <ItemGroup>
    <ClCompile Include="..\..\..\..\cegui\src\ScriptingModules\LuaScriptModule\CEGUILua.cpp">
      <Filter>cegui\src\ScriptingModules\LuaScriptModule</Filter>
    </ClCompile>
    <ClCompile Include="..\..\..\..\cegui\src\ScriptingModules\LuaScriptModule\CEGUILuaFunctor.cpp">
      <Filter>cegui\src\ScriptingModules\LuaScriptModule</Filter>
    </ClCompile>
    <ClCompile Include="..\..\..\..\cegui\src\ScriptingModules\LuaScriptModule\lua_CEGUI.cpp">
      <Filter>cegui\src\ScriptingModules\LuaScriptModule</Filter>
    </ClCompile>
    <ClCompile Include="..\..\..\..\cegui\src\ScriptingModules\LuaScriptModule\required.cpp">
      <Filter>cegui\src\ScriptingModules\LuaScriptModule</Filter>
    </ClCompile>
  </ItemGroup>
  <ItemGroup>
    <ClInclude Include="..\..\..\..\cegui\src\ScriptingModules\LuaScriptModule\required.h">
      <Filter>cegui\src\ScriptingModules\LuaScriptModule</Filter>
    </ClInclude>
    <ClInclude Include="..\..\..\..\cegui\include\ScriptingModules\LuaScriptModule\CEGUILua.h">
      <Filter>cegui\include\ScriptingModules\LuaScriptModule</Filter>
    </ClInclude>
    <ClInclude Include="..\..\..\..\cegui\include\ScriptingModules\LuaScriptModule\CEGUILuaFunctor.h">
      <Filter>cegui\include\ScriptingModules\LuaScriptModule</Filter>
    </ClInclude>
  </ItemGroup>
</Project>