<?xml version="1.0" encoding="utf-8"?>
<Project ToolsVersion="4.0" xmlns="http://schemas.microsoft.com/developer/msbuild/2003">
  <ItemGroup>
    <Filter Include="Source Files">
      <UniqueIdentifier>{4FC737F1-C7A5-4376-A066-2A32D752A2FF}</UniqueIdentifier>
      <Extensions>cpp;c;cc;cxx;def;odl;idl;hpj;bat;asm;asmx</Extensions>
    </Filter>
    <Filter Include="Header Files">
      <UniqueIdentifier>{93995380-89BD-4b04-88EB-625FBE52EBFB}</UniqueIdentifier>
      <Extensions>h;hpp;hxx;hm;inl;inc;xsd</Extensions>
    </Filter>
    <Filter Include="Resource Files">
      <UniqueIdentifier>{67DA6AB6-F800-4c08-8B7A-83BB121AAD01}</UniqueIdentifier>
      <Extensions>rc;ico;cur;bmp;dlg;rc2;rct;bin;rgs;gif;jpg;jpeg;jpe;resx;tiff;tif;png;wav</Extensions>
    </Filter>
    <Filter Include="Decision">
      <UniqueIdentifier>{43a6bf28-2b83-4393-971a-11bfcf2fe7ac}</UniqueIdentifier>
    </Filter>
    <Filter Include="Decision\StateMachines">
      <UniqueIdentifier>{c408b0ef-262c-4387-b354-e505721fed49}</UniqueIdentifier>
    </Filter>
    <Filter Include="Decision\StateMachines\Header Files">
      <UniqueIdentifier>{93995380-89BD-4b04-88EB-625FBE52EBFB}</UniqueIdentifier>
      <Extensions>h;hpp;hxx;hm;inl;inc;xsd</Extensions>
    </Filter>
    <Filter Include="Decision\StateMachines\Source Files">
      <UniqueIdentifier>{4FC737F1-C7A5-4376-A066-2A32D752A2FF}</UniqueIdentifier>
      <Extensions>cpp;c;cc;cxx;def;odl;idl;hpj;bat;asm;asmx</Extensions>
    </Filter>
    <Filter Include="Decision\LatentActions">
      <UniqueIdentifier>{e8093929-c87f-434f-9ba3-274d9bc51640}</UniqueIdentifier>
    </Filter>
    <Filter Include="Decision\LatentActions\Header Files">
      <UniqueIdentifier>{4022e768-6979-476b-a62b-379bc7203e47}</UniqueIdentifier>
    </Filter>
    <Filter Include="Decision\LatentActions\Source Files">
      <UniqueIdentifier>{222ebbe4-5047-4139-b5e9-6e92242dbeab}</UniqueIdentifier>
    </Filter>
    <Filter Include="Perception">
      <UniqueIdentifier>{d8444884-a0ed-40ba-ba07-4422655f14b2}</UniqueIdentifier>
    </Filter>
    <Filter Include="Perception\Hearder Files">
      <UniqueIdentifier>{a09f473a-e89e-4a07-a5f9-2253a4415777}</UniqueIdentifier>
    </Filter>
    <Filter Include="Perception\Source Files">
      <UniqueIdentifier>{25334947-4b2c-49e1-98b9-77c3a8f484de}</UniqueIdentifier>
    </Filter>
  </ItemGroup>
  <ItemGroup>
    <ClCompile Include="..\..\Src\AI\Server.cpp">
      <Filter>Source Files</Filter>
    </ClCompile>
    <ClCompile Include="..\..\Src\AI\LatentActions\LA_Attack.cpp">
      <Filter>Decision\LatentActions\Source Files</Filter>
    </ClCompile>
    <ClCompile Include="..\..\Src\AI\LatentActions\LAIdle.cpp">
      <Filter>Decision\LatentActions\Source Files</Filter>
    </ClCompile>
    <ClCompile Include="..\..\Src\AI\LatentActions\LatentAction.cpp">
      <Filter>Decision\LatentActions\Source Files</Filter>
    </ClCompile>
    <ClCompile Include="..\..\Src\AI\StateMachines\StateMachine.cpp">
      <Filter>Decision\StateMachines\Source Files</Filter>
    </ClCompile>
    <ClCompile Include="..\..\Src\AI\LatentActions\LA_Run.cpp">
      <Filter>Decision\LatentActions\Source Files</Filter>
    </ClCompile>
    <ClCompile Include="..\..\Src\AI\LatentActions\LA_Jump.cpp">
      <Filter>Decision\LatentActions\Source Files</Filter>
    </ClCompile>
    <ClCompile Include="..\..\Src\AI\LatentActions\LA_Cover.cpp">
      <Filter>Decision\LatentActions\Source Files</Filter>
    </ClCompile>
    <ClCompile Include="..\..\src\AI\LatentActions\LA_Beaten.cpp">
      <Filter>Decision\LatentActions\Source Files</Filter>
    </ClCompile>
    <ClCompile Include="..\..\src\AI\LatentActions\LA_Death.cpp">
      <Filter>Decision\LatentActions\Source Files</Filter>
    </ClCompile>
    <ClCompile Include="..\..\Src\AI\Perception\PerceptionEntity.cpp">
      <Filter>Perception\Source Files</Filter>
    </ClCompile>
    <ClCompile Include="..\..\Src\AI\Perception\PerceptionEntityFactory.cpp">
      <Filter>Perception\Source Files</Filter>
    </ClCompile>
    <ClCompile Include="..\..\Src\AI\Perception\PerceptionManager.cpp">
      <Filter>Perception\Source Files</Filter>
    </ClCompile>
    <ClCompile Include="..\..\Src\AI\Perception\SightSensor.cpp">
      <Filter>Perception\Source Files</Filter>
    </ClCompile>
    <ClCompile Include="..\..\Src\AI\LatentActions\LA_ChangeBase.cpp">
      <Filter>Decision\LatentActions\Source Files</Filter>
    </ClCompile>
    <ClCompile Include="..\..\Src\AI\LatentActions\LA_ChangeRing.cpp">
      <Filter>Decision\LatentActions\Source Files</Filter>
    </ClCompile>
    <ClCompile Include="..\..\Src\AI\LatentActions\LA_AltarSwitch.cpp">
      <Filter>Decision\LatentActions\Source Files</Filter>
    </ClCompile>
    <ClCompile Include="..\..\Src\AI\LatentActions\LA_Alert.cpp">
      <Filter>Decision\LatentActions\Source Files</Filter>
    </ClCompile>
    <ClCompile Include="..\..\Src\AI\LatentActions\LA_AttackCreature.cpp">
      <Filter>Decision\LatentActions\Source Files</Filter>
    </ClCompile>
    <ClCompile Include="..\..\Src\AI\LatentActions\LA_Walk.cpp">
      <Filter>Decision\LatentActions\Source Files</Filter>
    </ClCompile>
  </ItemGroup>
  <ItemGroup>
    <ClInclude Include="..\..\Src\AI\Server.h">
      <Filter>Header Files</Filter>
    </ClInclude>
    <ClInclude Include="..\..\Src\AI\LatentActions\LA_Attack.h">
      <Filter>Decision\LatentActions\Header Files</Filter>
    </ClInclude>
    <ClInclude Include="..\..\Src\AI\LatentActions\LAIdle.h">
      <Filter>Decision\LatentActions\Header Files</Filter>
    </ClInclude>
    <ClInclude Include="..\..\Src\AI\LatentActions\LatentAction.h">
      <Filter>Decision\LatentActions\Header Files</Filter>
    </ClInclude>
    <ClInclude Include="..\..\Src\AI\StateMachines\Condition.h">
      <Filter>Decision\StateMachines\Header Files</Filter>
    </ClInclude>
    <ClInclude Include="..\..\Src\AI\StateMachines\StateMachine.h">
      <Filter>Decision\StateMachines\Header Files</Filter>
    </ClInclude>
    <ClInclude Include="..\..\Src\AI\LatentActions\LA_Run.h">
      <Filter>Decision\LatentActions\Header Files</Filter>
    </ClInclude>
    <ClInclude Include="..\..\Src\AI\LatentActions\LA_Jump.h">
      <Filter>Decision\LatentActions\Header Files</Filter>
    </ClInclude>
    <ClInclude Include="..\..\Src\AI\LatentActions\LA_Cover.h">
      <Filter>Decision\LatentActions\Header Files</Filter>
    </ClInclude>
    <ClInclude Include="..\..\src\AI\LatentActions\LA_Beaten.h">
      <Filter>Decision\LatentActions\Header Files</Filter>
    </ClInclude>
    <ClInclude Include="..\..\src\AI\LatentActions\LA_Death.h">
      <Filter>Decision\LatentActions\Header Files</Filter>
    </ClInclude>
    <ClInclude Include="..\..\Src\AI\Perception\PerceptionEntity.h">
      <Filter>Perception\Hearder Files</Filter>
    </ClInclude>
    <ClInclude Include="..\..\Src\AI\Perception\PerceptionEntityFactory.h">
      <Filter>Perception\Hearder Files</Filter>
    </ClInclude>
    <ClInclude Include="..\..\Src\AI\Perception\PerceptionListener.h">
      <Filter>Perception\Hearder Files</Filter>
    </ClInclude>
    <ClInclude Include="..\..\Src\AI\Perception\PerceptionManager.h">
      <Filter>Perception\Hearder Files</Filter>
    </ClInclude>
    <ClInclude Include="..\..\Src\AI\Perception\PerceptionSignal.h">
      <Filter>Perception\Hearder Files</Filter>
    </ClInclude>
    <ClInclude Include="..\..\Src\AI\Perception\Sensor.h">
      <Filter>Perception\Hearder Files</Filter>
    </ClInclude>
    <ClInclude Include="..\..\Src\AI\Perception\SightSensor.h">
      <Filter>Perception\Hearder Files</Filter>
    </ClInclude>
    <ClInclude Include="..\..\Src\AI\LatentActions\LA_ChangeBase.h">
      <Filter>Decision\LatentActions\Header Files</Filter>
    </ClInclude>
    <ClInclude Include="..\..\Src\AI\LatentActions\LA_ChangeRing.h">
      <Filter>Decision\LatentActions\Header Files</Filter>
    </ClInclude>
    <ClInclude Include="..\..\Src\AI\LatentActions\LA_AltarSwitch.h">
      <Filter>Decision\LatentActions\Header Files</Filter>
    </ClInclude>
    <ClInclude Include="..\..\Src\AI\StateMachines\SM_Hercules.h">
      <Filter>Decision\StateMachines\Header Files</Filter>
    </ClInclude>
    <ClInclude Include="..\..\Src\AI\StateMachines\SM_Sinbad.h">
      <Filter>Decision\StateMachines\Header Files</Filter>
    </ClInclude>
    <ClInclude Include="..\..\Src\AI\StateMachines\SM_Cancerbero.h">
      <Filter>Decision\StateMachines\Header Files</Filter>
    </ClInclude>
    <ClInclude Include="..\..\Src\AI\StateMachines\StateMachineFactory.h">
      <Filter>Decision\StateMachines\Header Files</Filter>
    </ClInclude>
    <ClInclude Include="..\..\Src\AI\LatentActions\LA_Alert.h">
      <Filter>Decision\LatentActions\Header Files</Filter>
    </ClInclude>
    <ClInclude Include="..\..\Src\AI\LatentActions\LA_AttackCreature.h">
      <Filter>Decision\LatentActions\Header Files</Filter>
    </ClInclude>
    <ClInclude Include="..\..\Src\AI\LatentActions\LA_Walk.h">
      <Filter>Decision\LatentActions\Header Files</Filter>
    </ClInclude>
  </ItemGroup>
</Project>