<?xml version="1.0" encoding="utf-8"?>
<Project ToolsVersion="4.0" xmlns="http://schemas.microsoft.com/developer/msbuild/2003">
  <ItemGroup>
    <ClCompile Include="..\..\Src\Logic\Entity\Components\AnimatedGraphics.cpp">
      <Filter>Entity\Components\Source Files</Filter>
    </ClCompile>
    <ClCompile Include="..\..\Src\Logic\Entity\Components\Attack.cpp">
      <Filter>Entity\Components\Source Files</Filter>
    </ClCompile>
    <ClCompile Include="..\..\Src\Logic\Entity\Components\AvatarController.cpp">
      <Filter>Entity\Components\Source Files</Filter>
    </ClCompile>
    <ClCompile Include="..\..\Src\Logic\Entity\Components\BaseTraveler.cpp">
      <Filter>Entity\Components\Source Files</Filter>
    </ClCompile>
    <ClCompile Include="..\..\Src\Logic\Entity\Components\Camera.cpp">
      <Filter>Entity\Components\Source Files</Filter>
    </ClCompile>
    <ClCompile Include="..\..\Src\Logic\Entity\Components\CeguiHud.cpp">
      <Filter>Entity\Components\Source Files</Filter>
    </ClCompile>
    <ClCompile Include="..\..\Src\Logic\Entity\CommunicationPort.cpp">
      <Filter>Entity\Source Files</Filter>
    </ClCompile>
    <ClCompile Include="..\..\Src\Logic\Entity\Component.cpp">
      <Filter>Entity\Source Files</Filter>
    </ClCompile>
    <ClCompile Include="..\..\Src\Logic\Entity\Components\Death.cpp">
      <Filter>Entity\Components\Source Files</Filter>
    </ClCompile>
    <ClCompile Include="..\..\Src\Logic\Maps\ComponentFactory.cpp">
      <Filter>Maps\Source Files</Filter>
    </ClCompile>
    <ClCompile Include="..\..\Src\Logic\Entity\Entity.cpp">
      <Filter>Entity\Source Files</Filter>
    </ClCompile>
    <ClCompile Include="..\..\Src\Logic\Maps\EntityFactory.cpp">
      <Filter>Maps\Source Files</Filter>
    </ClCompile>
    <ClCompile Include="..\..\Src\Logic\Maps\EntityID.cpp">
      <Filter>Maps\Source Files</Filter>
    </ClCompile>
    <ClCompile Include="..\..\Src\Logic\GameNetMsgManager.cpp">
      <Filter>Source Files</Filter>
    </ClCompile>
    <ClCompile Include="..\..\Src\Logic\Entity\Components\Graphics.cpp">
      <Filter>Entity\Components\Source Files</Filter>
    </ClCompile>
    <ClCompile Include="..\..\Src\Logic\Entity\Components\Jump.cpp">
      <Filter>Entity\Components\Source Files</Filter>
    </ClCompile>
    <ClCompile Include="..\..\Src\Logic\Entity\Components\Jump2.cpp">
      <Filter>Entity\Components\Source Files</Filter>
    </ClCompile>
    <ClCompile Include="..\..\Src\Logic\Entity\Components\HudOverlay.cpp">
      <Filter>Entity\Components\Source Files</Filter>
    </ClCompile>
    <ClCompile Include="..\..\Src\Logic\Entity\Messages\Message.cpp">
      <Filter>Entity\Messages\Source Files</Filter>
    </ClCompile>
    <ClCompile Include="..\..\Src\Logic\Entity\Messages\MessageBool.cpp">
      <Filter>Entity\Messages\Source Files</Filter>
    </ClCompile>
    <ClCompile Include="..\..\Src\Logic\Entity\Messages\MessageBoolFloat.cpp">
      <Filter>Entity\Messages\Source Files</Filter>
    </ClCompile>
    <ClCompile Include="..\..\Src\Logic\Entity\Messages\MessageBoolString.cpp">
      <Filter>Entity\Messages\Source Files</Filter>
    </ClCompile>
    <ClCompile Include="..\..\Src\Logic\Entity\Messages\MessageBoolTF.cpp">
      <Filter>Entity\Messages\Source Files</Filter>
    </ClCompile>
    <ClCompile Include="..\..\Src\Logic\Entity\Messages\MessageChar.cpp">
      <Filter>Entity\Messages\Source Files</Filter>
    </ClCompile>
    <ClCompile Include="..\..\Src\Logic\Entity\Messages\MessageFactory.cpp">
      <Filter>Entity\Messages\Source Files</Filter>
    </ClCompile>
    <ClCompile Include="..\..\Src\Logic\Entity\Messages\MessageFloat.cpp">
      <Filter>Entity\Messages\Source Files</Filter>
    </ClCompile>
    <ClCompile Include="..\..\Src\Logic\Entity\Messages\MessageInt.cpp">
      <Filter>Entity\Messages\Source Files</Filter>
    </ClCompile>
    <ClCompile Include="..\..\Src\Logic\Entity\Messages\MessageString.cpp">
      <Filter>Entity\Messages\Source Files</Filter>
    </ClCompile>
    <ClCompile Include="..\..\Src\Logic\Entity\Messages\MessageTF.cpp">
      <Filter>Entity\Messages\Source Files</Filter>
    </ClCompile>
    <ClCompile Include="..\..\Src\Logic\Entity\Messages\MessageUInt.cpp">
      <Filter>Entity\Messages\Source Files</Filter>
    </ClCompile>
    <ClCompile Include="..\..\Src\Logic\Entity\Messages\MessageUShort.cpp">
      <Filter>Entity\Messages\Source Files</Filter>
    </ClCompile>
    <ClCompile Include="..\..\Src\Logic\Entity\Messages\MessageV3.cpp">
      <Filter>Entity\Messages\Source Files</Filter>
    </ClCompile>
    <ClCompile Include="..\..\Src\Logic\Server.cpp">
      <Filter>Source Files</Filter>
    </ClCompile>
    <ClCompile Include="..\..\Src\Logic\Entity\Components\Life.cpp">
      <Filter>Entity\Components\Source Files</Filter>
    </ClCompile>
    <ClCompile Include="..\..\Src\Logic\Entity\Components\RingTraveler.cpp">
      <Filter>Entity\Components\Source Files</Filter>
    </ClCompile>
    <ClCompile Include="..\..\Src\Logic\Entity\Components\LifeModifier.cpp">
      <Filter>Entity\Components\Source Files</Filter>
    </ClCompile>
    <ClCompile Include="..\..\Src\Logic\Entity\Components\NetConnector.cpp">
      <Filter>Entity\Components\Source Files</Filter>
    </ClCompile>
    <ClCompile Include="..\..\Src\Logic\Entity\Components\Physic.cpp">
      <Filter>Entity\Components\Source Files</Filter>
    </ClCompile>
    <ClCompile Include="..\..\Src\Logic\Entity\Components\PhysicCharacter.cpp">
      <Filter>Entity\Components\Source Files</Filter>
    </ClCompile>
    <ClCompile Include="..\..\Src\Logic\Entity\Components\PhysicEntity.cpp">
      <Filter>Entity\Components\Source Files</Filter>
    </ClCompile>
    <ClCompile Include="..\..\Src\Logic\Maps\Map.cpp">
      <Filter>Maps\Source Files</Filter>
    </ClCompile>
    <ClCompile Include="..\..\Src\Logic\Entity\Components\AltarStateSwitcher.cpp">
      <Filter>Entity\Components\Source Files</Filter>
    </ClCompile>
    <ClCompile Include="..\..\Src\Logic\Entity\Components\Altar.cpp">
      <Filter>Entity\Components\Source Files</Filter>
    </ClCompile>
    <ClCompile Include="..\..\Src\Logic\Entity\Components\StateMachineExecutor.cpp">
      <Filter>Entity\Components\Source Files</Filter>
    </ClCompile>
  </ItemGroup>
  <ItemGroup>
    <ClInclude Include="..\..\Src\Logic\Entity\Components\AnimatedGraphics.h">
      <Filter>Entity\Components\Header Files</Filter>
    </ClInclude>
    <ClInclude Include="..\..\Src\Logic\Entity\Components\Attack.h">
      <Filter>Entity\Components\Header Files</Filter>
    </ClInclude>
    <ClInclude Include="..\..\Src\Logic\Entity\Components\AvatarController.h">
      <Filter>Entity\Components\Header Files</Filter>
    </ClInclude>
    <ClInclude Include="..\..\Src\Logic\Entity\Components\BaseTraveler.h">
      <Filter>Entity\Components\Header Files</Filter>
    </ClInclude>
    <ClInclude Include="..\..\Src\Logic\Entity\Components\Camera.h">
      <Filter>Entity\Components\Header Files</Filter>
    </ClInclude>
    <ClInclude Include="..\..\Src\Logic\Entity\Components\CeguiHud.h">
      <Filter>Entity\Components\Header Files</Filter>
    </ClInclude>
    <ClInclude Include="..\..\Src\Logic\Entity\CommunicationPort.h">
      <Filter>Entity\Header Files</Filter>
    </ClInclude>
    <ClInclude Include="..\..\Src\Logic\Entity\Component.h">
      <Filter>Entity\Header Files</Filter>
    </ClInclude>
    <ClInclude Include="..\..\Src\Logic\Entity\Components\Death.h">
      <Filter>Entity\Components\Header Files</Filter>
    </ClInclude>
    <ClInclude Include="..\..\Src\Logic\Maps\ComponentFactory.h">
      <Filter>Maps\Header Files</Filter>
    </ClInclude>
    <ClInclude Include="..\..\Src\Logic\Entity\Entity.h">
      <Filter>Entity\Header Files</Filter>
    </ClInclude>
    <ClInclude Include="..\..\Src\Logic\Maps\EntityFactory.h">
      <Filter>Maps\Header Files</Filter>
    </ClInclude>
    <ClInclude Include="..\..\Src\Logic\Maps\EntityID.h">
      <Filter>Maps\Header Files</Filter>
    </ClInclude>
    <ClInclude Include="..\..\Src\Logic\GameNetMsgManager.h">
      <Filter>Header files</Filter>
    </ClInclude>
    <ClInclude Include="..\..\Src\Logic\Entity\Components\Graphics.h">
      <Filter>Entity\Components\Header Files</Filter>
    </ClInclude>
    <ClInclude Include="..\..\Src\Logic\Entity\Components\Jump.h">
      <Filter>Entity\Components\Header Files</Filter>
    </ClInclude>
    <ClInclude Include="..\..\Src\Logic\Entity\Components\Jump2.h">
      <Filter>Entity\Components\Header Files</Filter>
    </ClInclude>
    <ClInclude Include="..\..\Src\Logic\Entity\Components\HudOverlay.h">
      <Filter>Entity\Components\Header Files</Filter>
    </ClInclude>
    <ClInclude Include="..\..\Src\Logic\Entity\Messages\Message.h">
      <Filter>Entity\Messages\Header Files</Filter>
    </ClInclude>
    <ClInclude Include="..\..\Src\Logic\Entity\Messages\MessageV3.h">
      <Filter>Entity\Messages\Header Files</Filter>
    </ClInclude>
    <ClInclude Include="..\..\Src\Logic\Entity\Messages\MessageBool.h">
      <Filter>Entity\Messages\Header Files</Filter>
    </ClInclude>
    <ClInclude Include="..\..\Src\Logic\Entity\Messages\MessageBoolFloat.h">
      <Filter>Entity\Messages\Header Files</Filter>
    </ClInclude>
    <ClInclude Include="..\..\Src\Logic\Entity\Messages\MessageBoolString.h">
      <Filter>Entity\Messages\Header Files</Filter>
    </ClInclude>
    <ClInclude Include="..\..\Src\Logic\Entity\Messages\MessageBoolTF.h">
      <Filter>Entity\Messages\Header Files</Filter>
    </ClInclude>
    <ClInclude Include="..\..\Src\Logic\Entity\Messages\MessageChar.h">
      <Filter>Entity\Messages\Header Files</Filter>
    </ClInclude>
    <ClInclude Include="..\..\Src\Logic\Entity\Messages\MessageFactory.h">
      <Filter>Entity\Messages\Header Files</Filter>
    </ClInclude>
    <ClInclude Include="..\..\Src\Logic\Entity\Messages\MessageFloat.h">
      <Filter>Entity\Messages\Header Files</Filter>
    </ClInclude>
    <ClInclude Include="..\..\Src\Logic\Entity\Messages\MessageInt.h">
      <Filter>Entity\Messages\Header Files</Filter>
    </ClInclude>
    <ClInclude Include="..\..\Src\Logic\Entity\Messages\MessageString.h">
      <Filter>Entity\Messages\Header Files</Filter>
    </ClInclude>
    <ClInclude Include="..\..\Src\Logic\Entity\Messages\MessageTF.h">
      <Filter>Entity\Messages\Header Files</Filter>
    </ClInclude>
    <ClInclude Include="..\..\Src\Logic\Entity\Messages\MessageUInt.h">
      <Filter>Entity\Messages\Header Files</Filter>
    </ClInclude>
    <ClInclude Include="..\..\Src\Logic\Entity\Messages\MessageUShort.h">
      <Filter>Entity\Messages\Header Files</Filter>
    </ClInclude>
    <ClInclude Include="..\..\Src\Logic\Server.h">
      <Filter>Header files</Filter>
    </ClInclude>
    <ClInclude Include="..\..\Src\Logic\Entity\RingStruct.h">
      <Filter>Entity\Header Files</Filter>
    </ClInclude>
    <ClInclude Include="..\..\Src\Logic\Maps\Documentation.h">
      <Filter>Maps\Header Files</Filter>
    </ClInclude>
    <ClInclude Include="..\..\Src\Logic\Documentation.h">
      <Filter>Entity\Header Files</Filter>
    </ClInclude>
    <ClInclude Include="..\..\Src\Logic\Entity\Documentation.h">
      <Filter>Entity\Header Files</Filter>
    </ClInclude>
    <ClInclude Include="..\..\Src\Logic\Entity\Components\Life.h">
      <Filter>Entity\Components\Header Files</Filter>
    </ClInclude>
    <ClInclude Include="..\..\Src\Logic\Entity\Components\LifeModifier.h">
      <Filter>Entity\Components\Header Files</Filter>
    </ClInclude>
    <ClInclude Include="..\..\Src\Logic\Entity\Components\NetConnector.h">
      <Filter>Entity\Components\Header Files</Filter>
    </ClInclude>
    <ClInclude Include="..\..\Src\Logic\Entity\Components\Physic.h">
      <Filter>Entity\Components\Header Files</Filter>
    </ClInclude>
    <ClInclude Include="..\..\Src\Logic\Entity\Components\PhysicCharacter.h">
      <Filter>Entity\Components\Header Files</Filter>
    </ClInclude>
    <ClInclude Include="..\..\Src\Logic\Entity\Components\PhysicEntity.h">
      <Filter>Entity\Components\Header Files</Filter>
    </ClInclude>
    <ClInclude Include="..\..\Src\Logic\Entity\Components\RingTraveler.h">
      <Filter>Entity\Components\Header Files</Filter>
    </ClInclude>
    <ClInclude Include="..\..\Src\Logic\Maps\Map.h">
      <Filter>Maps\Header Files</Filter>
    </ClInclude>
    <ClInclude Include="..\..\Src\Logic\Entity\LogicalPosition.h">
      <Filter>Entity\Header Files</Filter>
    </ClInclude>
    <ClInclude Include="..\..\Src\Logic\Entity\Components\AltarStateSwitcher.h">
      <Filter>Entity\Components\Header Files</Filter>
    </ClInclude>
    <ClInclude Include="..\..\Src\Logic\Entity\Components\Altar.h">
      <Filter>Entity\Components\Header Files</Filter>
    </ClInclude>
    <ClInclude Include="..\..\Src\Logic\Entity\Components\StateMachineExecutor.h">
      <Filter>Entity\Components\Header Files</Filter>
    </ClInclude>
  </ItemGroup>
  <ItemGroup>
    <ResourceCompile Include="Logic.rc" />
  </ItemGroup>
  <ItemGroup>
    <Filter Include="Header files">
      <UniqueIdentifier>{2f50fab7-43f9-4fef-9978-7ec650e807aa}</UniqueIdentifier>
    </Filter>
    <Filter Include="Source Files">
      <UniqueIdentifier>{1920f727-411d-440d-ad4c-408fa5575a6e}</UniqueIdentifier>
    </Filter>
    <Filter Include="Entity">
      <UniqueIdentifier>{867ce634-0501-4afc-8b16-188fb6765f37}</UniqueIdentifier>
    </Filter>
    <Filter Include="Entity\Components">
      <UniqueIdentifier>{4914c07c-041c-4b56-b106-7facf3e331aa}</UniqueIdentifier>
    </Filter>
    <Filter Include="Entity\Components\Header Files">
      <UniqueIdentifier>{5d1380ae-fc33-43bb-9719-a25ec916999b}</UniqueIdentifier>
    </Filter>
    <Filter Include="Entity\Components\Source Files">
      <UniqueIdentifier>{fb44efb5-1301-473d-970d-d74f610a80be}</UniqueIdentifier>
    </Filter>
    <Filter Include="Entity\Source Files">
      <UniqueIdentifier>{481c6989-96e7-44c8-a465-d1fb571fe75a}</UniqueIdentifier>
    </Filter>
    <Filter Include="Entity\Header Files">
      <UniqueIdentifier>{e84ebd52-4d66-4347-9638-0a721c010dad}</UniqueIdentifier>
    </Filter>
    <Filter Include="Maps">
      <UniqueIdentifier>{fbf0c55c-7a2a-4309-85d5-c70d6bb09a0f}</UniqueIdentifier>
    </Filter>
    <Filter Include="Maps\Source Files">
      <UniqueIdentifier>{53078602-9863-420e-b41f-ff07c85ddca0}</UniqueIdentifier>
    </Filter>
    <Filter Include="Maps\Header Files">
      <UniqueIdentifier>{72885fb8-0a1b-48d4-b5de-82a4b83fe50a}</UniqueIdentifier>
    </Filter>
    <Filter Include="Entity\Messages">
      <UniqueIdentifier>{3a212e1a-982f-41b2-842f-fdc0bd1134b8}</UniqueIdentifier>
    </Filter>
    <Filter Include="Entity\Messages\Header Files">
      <UniqueIdentifier>{733f86ba-cb78-4403-8c2f-a7db1a1e5e44}</UniqueIdentifier>
    </Filter>
    <Filter Include="Entity\Messages\Source Files">
      <UniqueIdentifier>{097047ba-44d7-4706-8c53-310006a2ef8d}</UniqueIdentifier>
    </Filter>
  </ItemGroup>
</Project>