<?xml version="1.0" encoding="utf-8"?>
<Project ToolsVersion="4.0" xmlns="http://schemas.microsoft.com/developer/msbuild/2003">
  <ItemGroup>
    <Filter Include="cegui">
      <UniqueIdentifier>{5ed3b950-bf3b-4f9d-be81-7b0e5d40c4f6}</UniqueIdentifier>
    </Filter>
    <Filter Include="cegui\src">
      <UniqueIdentifier>{65134f60-aa4c-4f61-b6e5-59e87a35385c}</UniqueIdentifier>
    </Filter>
    <Filter Include="cegui\src\XMLParserModules">
      <UniqueIdentifier>{9176a15b-8135-4dc6-b214-d7e6e9c00248}</UniqueIdentifier>
    </Filter>
    <Filter Include="cegui\src\XMLParserModules\expatParser">
      <UniqueIdentifier>{fc616f53-a54a-47ea-942d-5ec18e48f664}</UniqueIdentifier>
    </Filter>
    <Filter Include="cegui\include">
      <UniqueIdentifier>{a34dd4f5-26e9-4c84-8c5f-9cb70bfbe503}</UniqueIdentifier>
    </Filter>
    <Filter Include="cegui\include\XMLParserModules">
      <UniqueIdentifier>{cb05710b-9fa6-4adb-a128-251417c156a1}</UniqueIdentifier>
    </Filter>
    <Filter Include="cegui\include\XMLParserModules\expatParser">
      <UniqueIdentifier>{8837bb3d-cd4f-45e6-a774-4862e96b67e0}</UniqueIdentifier>
    </Filter>
  </ItemGroup>
  <ItemGroup>
    <ClCompile Include="..\..\..\..\cegui\src\XMLParserModules\expatParser\CEGUIExpatParser.cpp">
      <Filter>cegui\src\XMLParserModules\expatParser</Filter>
    </ClCompile>
    <ClCompile Include="..\..\..\..\cegui\src\XMLParserModules\expatParser\CEGUIExpatParserModule.cpp">
      <Filter>cegui\src\XMLParserModules\expatParser</Filter>
    </ClCompile>
  </ItemGroup>
  <ItemGroup>
    <ClInclude Include="..\..\..\..\cegui\include\XMLParserModules\expatParser\CEGUIExpatParser.h">
      <Filter>cegui\include\XMLParserModules\expatParser</Filter>
    </ClInclude>
    <ClInclude Include="..\..\..\..\cegui\include\XMLParserModules\expatParser\CEGUIExpatParserModule.h">
      <Filter>cegui\include\XMLParserModules\expatParser</Filter>
    </ClInclude>
  </ItemGroup>
</Project>