<?xml version="1.0" encoding="utf-8"?>
<Project ToolsVersion="4.0" xmlns="http://schemas.microsoft.com/developer/msbuild/2003">
  <ItemGroup>
    <Filter Include="Source Files">
      <UniqueIdentifier>{4FC737F1-C7A5-4376-A066-2A32D752A2FF}</UniqueIdentifier>
      <Extensions>cpp;c;cc;cxx;def;odl;idl;hpj;bat;asm;asmx</Extensions>
    </Filter>
    <Filter Include="Header Files">
      <UniqueIdentifier>{93995380-89BD-4b04-88EB-625FBE52EBFB}</UniqueIdentifier>
      <Extensions>h;hpp;hxx;hm;inl;inc;xsd</Extensions>
    </Filter>
    <Filter Include="Shapes">
      <UniqueIdentifier>{7f892089-279d-40dd-a8d9-bfd43864a96d}</UniqueIdentifier>
    </Filter>
    <Filter Include="Shapes\Header Files">
      <UniqueIdentifier>{07e06c46-872c-45a0-b51d-346fe2ec6b39}</UniqueIdentifier>
    </Filter>
    <Filter Include="Shapes\Source Files">
      <UniqueIdentifier>{fd8ce935-d68f-466a-8bf0-b05e988346ac}</UniqueIdentifier>
    </Filter>
  </ItemGroup>
  <ItemGroup>
    <ClInclude Include="..\..\Src\Physics\Server.h">
      <Filter>Header Files</Filter>
    </ClInclude>
    <ClInclude Include="..\..\Src\Physics\Scene.h">
      <Filter>Header Files</Filter>
    </ClInclude>
    <ClInclude Include="..\..\Src\Physics\Actor.h">
      <Filter>Header Files</Filter>
    </ClInclude>
    <ClInclude Include="..\..\Src\Physics\IObserver.h">
      <Filter>Header Files</Filter>
    </ClInclude>
    <ClInclude Include="..\..\Src\Physics\ActorTrigger.h">
      <Filter>Header Files</Filter>
    </ClInclude>
    <ClInclude Include="..\..\Src\Physics\RigidBody.h">
      <Filter>Header Files</Filter>
    </ClInclude>
    <ClInclude Include="..\..\Src\Physics\Circle.h">
      <Filter>Shapes\Header Files</Filter>
    </ClInclude>
    <ClInclude Include="..\..\Src\Physics\IShape.h">
      <Filter>Shapes\Header Files</Filter>
    </ClInclude>
    <ClInclude Include="..\..\Src\Physics\AABB.h">
      <Filter>Shapes\Header Files</Filter>
    </ClInclude>
  </ItemGroup>
  <ItemGroup>
    <ClCompile Include="..\..\Src\Physics\Server.cpp">
      <Filter>Source Files</Filter>
    </ClCompile>
    <ClCompile Include="..\..\Src\Physics\Scene.cpp">
      <Filter>Source Files</Filter>
    </ClCompile>
    <ClCompile Include="..\..\Src\Physics\Actor.cpp">
      <Filter>Source Files</Filter>
    </ClCompile>
    <ClCompile Include="..\..\Src\Physics\ActorTrigger.cpp">
      <Filter>Source Files</Filter>
    </ClCompile>
    <ClCompile Include="..\..\Src\Physics\RigidBody.cpp">
      <Filter>Source Files</Filter>
    </ClCompile>
    <ClCompile Include="..\..\Src\Physics\Circle.cpp">
      <Filter>Shapes\Source Files</Filter>
    </ClCompile>
    <ClCompile Include="..\..\Src\Physics\AABB.cpp">
      <Filter>Shapes\Source Files</Filter>
    </ClCompile>
  </ItemGroup>
</Project>